
Microsoft Visual Studio Solution File, Format Version 12.00
# Visual Studio Version 16
VisualStudioVersion = 16.0.28803.916
MinimumVisualStudioVersion = 10.0.40219.1
Project("{FAE04EC0-301F-11D3-BF4B-00C04F79EFBC}") = "WebAppQta", "WebAppQta\WebAppQta.csproj", "{8009171F-988A-411D-A142-E51B06E2422C}"
EndProject
Global
	GlobalSection(SolutionConfigurationPlatforms) = preSolution
		Debug|Any CPU = Debug|Any CPU
		Release|Any CPU = Release|Any CPU
	EndGlobalSection
	GlobalSection(ProjectConfigurationPlatforms) = postSolution
		{8009171F-988A-411D-A142-E51B06E2422C}.Debug|Any CPU.ActiveCfg = Debug|Any CPU
		{8009171F-988A-411D-A142-E51B06E2422C}.Debug|Any CPU.Build.0 = Debug|Any CPU
		{8009171F-988A-411D-A142-E51B06E2422C}.Release|Any CPU.ActiveCfg = Release|Any CPU
		{8009171F-988A-411D-A142-E51B06E2422C}.Release|Any CPU.Build.0 = Release|Any CPU
	EndGlobalSection
	GlobalSection(SolutionProperties) = preSolution
		HideSolutionNode = FALSE
	EndGlobalSection
	GlobalSection(ExtensibilityGlobals) = postSolution
		SolutionGuid = {0AE3D88C-C23D-45D6-967B-CE041043B15A}
	EndGlobalSection
EndGlobal
